
Microsoft Visual Studio Solution File, Format Version 12.00
# Visual Studio Version 16
VisualStudioVersion = 16.0.29209.62
MinimumVisualStudioVersion = 10.0.40219.1
Project("{9A19103F-16F7-4668-BE54-9A1E7A4F7556}") = "Gist.RabbitMQ.Sender", "Gist.RabbitMQ.Sender\Gist.RabbitMQ.Sender.csproj", "{9DEEA31B-6E2A-4B04-9E92-10551217218E}"
EndProject
Project("{9A19103F-16F7-4668-BE54-9A1E7A4F7556}") = "Gist.RabbitMQ.Core", "Gist.RabbitMQ.Core\Gist.RabbitMQ.Core.csproj", "{AE11572F-D3F6-49DA-882A-5C7AB5DC61FE}"
EndProject
Project("{9A19103F-16F7-4668-BE54-9A1E7A4F7556}") = "Gist.RabbitMQ.Reader", "Gist.RabbitMQ.Reader\Gist.RabbitMQ.Reader.csproj", "{ACB22337-F78F-4D0A-9A87-1E3A7888DAE0}"
EndProject
Project("{9A19103F-16F7-4668-BE54-9A1E7A4F7556}") = "Gist.RabbitMQ.ContinuallyListening", "Gist.RabbitMQ.ContinuallyListening\Gist.RabbitMQ.ContinuallyListening.csproj", "{8627D1F2-812C-4CE3-8E52-1A8CAFED2067}"
EndProject
Project("{FAE04EC0-301F-11D3-BF4B-00C04F79EFBC}") = "Gist.RabbitMQ.Reader.DeadLetter", "Gist.RabbitMQ.Reader.DeadLetter\Gist.RabbitMQ.Reader.DeadLetter.csproj", "{2C716CD7-7AED-4587-AB80-702E60B0F101}"
EndProject
Global
	GlobalSection(SolutionConfigurationPlatforms) = preSolution
		Debug|Any CPU = Debug|Any CPU
		Release|Any CPU = Release|Any CPU
	EndGlobalSection
	GlobalSection(ProjectConfigurationPlatforms) = postSolution
		{9DEEA31B-6E2A-4B04-9E92-10551217218E}.Debug|Any CPU.ActiveCfg = Debug|Any CPU
		{9DEEA31B-6E2A-4B04-9E92-10551217218E}.Debug|Any CPU.Build.0 = Debug|Any CPU
		{9DEEA31B-6E2A-4B04-9E92-10551217218E}.Release|Any CPU.ActiveCfg = Release|Any CPU
		{9DEEA31B-6E2A-4B04-9E92-10551217218E}.Release|Any CPU.Build.0 = Release|Any CPU
		{AE11572F-D3F6-49DA-882A-5C7AB5DC61FE}.Debug|Any CPU.ActiveCfg = Debug|Any CPU
		{AE11572F-D3F6-49DA-882A-5C7AB5DC61FE}.Debug|Any CPU.Build.0 = Debug|Any CPU
		{AE11572F-D3F6-49DA-882A-5C7AB5DC61FE}.Release|Any CPU.ActiveCfg = Release|Any CPU
		{AE11572F-D3F6-49DA-882A-5C7AB5DC61FE}.Release|Any CPU.Build.0 = Release|Any CPU
		{ACB22337-F78F-4D0A-9A87-1E3A7888DAE0}.Debug|Any CPU.ActiveCfg = Debug|Any CPU
		{ACB22337-F78F-4D0A-9A87-1E3A7888DAE0}.Debug|Any CPU.Build.0 = Debug|Any CPU
		{ACB22337-F78F-4D0A-9A87-1E3A7888DAE0}.Release|Any CPU.ActiveCfg = Release|Any CPU
		{ACB22337-F78F-4D0A-9A87-1E3A7888DAE0}.Release|Any CPU.Build.0 = Release|Any CPU
		{8627D1F2-812C-4CE3-8E52-1A8CAFED2067}.Debug|Any CPU.ActiveCfg = Debug|Any CPU
		{8627D1F2-812C-4CE3-8E52-1A8CAFED2067}.Debug|Any CPU.Build.0 = Debug|Any CPU
		{8627D1F2-812C-4CE3-8E52-1A8CAFED2067}.Release|Any CPU.ActiveCfg = Release|Any CPU
		{8627D1F2-812C-4CE3-8E52-1A8CAFED2067}.Release|Any CPU.Build.0 = Release|Any CPU
		{2C716CD7-7AED-4587-AB80-702E60B0F101}.Debug|Any CPU.ActiveCfg = Debug|Any CPU
		{2C716CD7-7AED-4587-AB80-702E60B0F101}.Debug|Any CPU.Build.0 = Debug|Any CPU
		{2C716CD7-7AED-4587-AB80-702E60B0F101}.Release|Any CPU.ActiveCfg = Release|Any CPU
		{2C716CD7-7AED-4587-AB80-702E60B0F101}.Release|Any CPU.Build.0 = Release|Any CPU
	EndGlobalSection
	GlobalSection(SolutionProperties) = preSolution
		HideSolutionNode = FALSE
	EndGlobalSection
	GlobalSection(ExtensibilityGlobals) = postSolution
		SolutionGuid = {8D8888CE-AC43-4A70-B940-C3E4A796DB0D}
	EndGlobalSection
EndGlobal
